
Microsoft Visual Studio Solution File, Format Version 12.00
# Visual Studio Version 17
VisualStudioVersion = 17.10.35122.118
MinimumVisualStudioVersion = 10.0.40219.1
Project("{FAE04EC0-301F-11D3-BF4B-00C04F79EFBC}") = "LibraryManagementSystem", "LibraryManagementSystem.csproj", "{DBE21794-CEEE-4236-BBF4-B1251C6AC91B}"
EndProject
Global
	GlobalSection(SolutionConfigurationPlatforms) = preSolution
		Debug|Any CPU = Debug|Any CPU
		Release|Any CPU = Release|Any CPU
	EndGlobalSection
	GlobalSection(ProjectConfigurationPlatforms) = postSolution
		{DBE21794-CEEE-4236-BBF4-B1251C6AC91B}.Debug|Any CPU.ActiveCfg = Debug|Any CPU
		{DBE21794-CEEE-4236-BBF4-B1251C6AC91B}.Debug|Any CPU.Build.0 = Debug|Any CPU
		{DBE21794-CEEE-4236-BBF4-B1251C6AC91B}.Release|Any CPU.ActiveCfg = Release|Any CPU
		{DBE21794-CEEE-4236-BBF4-B1251C6AC91B}.Release|Any CPU.Build.0 = Release|Any CPU
	EndGlobalSection
	GlobalSection(SolutionProperties) = preSolution
		HideSolutionNode = FALSE
	EndGlobalSection
	GlobalSection(ExtensibilityGlobals) = postSolution
		SolutionGuid = {148758CA-38BE-4209-A8D3-3005845BE0D4}
	EndGlobalSection
EndGlobal
